// !$*UTF8*$!
{
	archiveVersion = 1;
	classes = {
	};
	objectVersion = 46;
	objects = {

/* Begin PBXBuildFile section */
		FFA4B4311A6103060096447A /* main.m in Sources */ = {isa = PBXBuildFile; fileRef = FFA4B4301A6103060096447A /* main.m */; };
		FFA4B4341A6103060096447A /* AppDelegate.m in Sources */ = {isa = PBXBuildFile; fileRef = FFA4B4331A6103060096447A /* AppDelegate.m */; };
		FFA4B4371A6103060096447A /* AddUser.xcdatamodeld in Sources */ = {isa = PBXBuildFile; fileRef = FFA4B4351A6103060096447A /* AddUser.xcdatamodeld */; };
		FFA4B43A1A6103060096447A /* ViewController.m in Sources */ = {isa = PBXBuildFile; fileRef = FFA4B4391A6103060096447A /* ViewController.m */; };
		FFA4B43D1A6103060096447A /* Main.storyboard in Resources */ = {isa = PBXBuildFile; fileRef = FFA4B43B1A6103060096447A /* Main.storyboard */; };
		FFA4B43F1A6103060096447A /* Images.xcassets in Resources */ = {isa = PBXBuildFile; fileRef = FFA4B43E1A6103060096447A /* Images.xcassets */; };
		FFA4B4421A6103060096447A /* LaunchScreen.xib in Resources */ = {isa = PBXBuildFile; fileRef = FFA4B4401A6103060096447A /* LaunchScreen.xib */; };
		FFA4B44E1A6103060096447A /* AddUserTests.m in Sources */ = {isa = PBXBuildFile; fileRef = FFA4B44D1A6103060096447A /* AddUserTests.m */; };
		FFA4B4591A6104760096447A /* UserCell.m in Sources */ = {isa = PBXBuildFile; fileRef = FFA4B4581A6104760096447A /* UserCell.m */; };
		FFA4B45C1A6108D70096447A /* UIViewAdditions.m in Sources */ = {isa = PBXBuildFile; fileRef = FFA4B45B1A6108D70096447A /* UIViewAdditions.m */; settings = {COMPILER_FLAGS = "-fno-objc-arc"; }; };
		FFA4B4611A612A290096447A /* select.png in Resources */ = {isa = PBXBuildFile; fileRef = FFA4B45D1A612A290096447A /* select.png */; };
		FFA4B4621A612A290096447A /* select@2x.png in Resources */ = {isa = PBXBuildFile; fileRef = FFA4B45E1A612A290096447A /* select@2x.png */; };
		FFA4B4631A612A290096447A /* unselect.png in Resources */ = {isa = PBXBuildFile; fileRef = FFA4B45F1A612A290096447A /* unselect.png */; };
		FFA4B4641A612A290096447A /* unselect@2x.png in Resources */ = {isa = PBXBuildFile; fileRef = FFA4B4601A612A290096447A /* unselect@2x.png */; };
/* End PBXBuildFile section */

/* Begin PBXContainerItemProxy section */
		FFA4B4481A6103060096447A /* PBXContainerItemProxy */ = {
			isa = PBXContainerItemProxy;
			containerPortal = FFA4B4231A6103060096447A /* Project object */;
			proxyType = 1;
			remoteGlobalIDString = FFA4B42A1A6103060096447A;
			remoteInfo = AddUser;
		};
/* End PBXContainerItemProxy section */

/* Begin PBXFileReference section */
		FFA4B42B1A6103060096447A /* AddUser.app */ = {isa = PBXFileReference; explicitFileType = wrapper.application; includeInIndex = 0; path = AddUser.app; sourceTree = BUILT_PRODUCTS_DIR; };
		FFA4B42F1A6103060096447A /* Info.plist */ = {isa = PBXFileReference; lastKnownFileType = text.plist.xml; path = Info.plist; sourceTree = "<group>"; };
		FFA4B4301A6103060096447A /* main.m */ = {isa = PBXFileReference; lastKnownFileType = sourcecode.c.objc; path = main.m; sourceTree = "<group>"; };
		FFA4B4321A6103060096447A /* AppDelegate.h */ = {isa = PBXFileReference; lastKnownFileType = sourcecode.c.h; path = AppDelegate.h; sourceTree = "<group>"; };
		FFA4B4331A6103060096447A /* AppDelegate.m */ = {isa = PBXFileReference; lastKnownFileType = sourcecode.c.objc; path = AppDelegate.m; sourceTree = "<group>"; };
		FFA4B4361A6103060096447A /* AddUser.xcdatamodel */ = {isa = PBXFileReference; lastKnownFileType = wrapper.xcdatamodel; path = AddUser.xcdatamodel; sourceTree = "<group>"; };
		FFA4B4381A6103060096447A /* ViewController.h */ = {isa = PBXFileReference; lastKnownFileType = sourcecode.c.h; path = ViewController.h; sourceTree = "<group>"; };
		FFA4B4391A6103060096447A /* ViewController.m */ = {isa = PBXFileReference; lastKnownFileType = sourcecode.c.objc; path = ViewController.m; sourceTree = "<group>"; };
		FFA4B43C1A6103060096447A /* Base */ = {isa = PBXFileReference; lastKnownFileType = file.storyboard; name = Base; path = Base.lproj/Main.storyboard; sourceTree = "<group>"; };
		FFA4B43E1A6103060096447A /* Images.xcassets */ = {isa = PBXFileReference; lastKnownFileType = folder.assetcatalog; path = Images.xcassets; sourceTree = "<group>"; };
		FFA4B4411A6103060096447A /* Base */ = {isa = PBXFileReference; lastKnownFileType = file.xib; name = Base; path = Base.lproj/LaunchScreen.xib; sourceTree = "<group>"; };
		FFA4B4471A6103060096447A /* AddUserTests.xctest */ = {isa = PBXFileReference; explicitFileType = wrapper.cfbundle; includeInIndex = 0; path = AddUserTests.xctest; sourceTree = BUILT_PRODUCTS_DIR; };
		FFA4B44C1A6103060096447A /* Info.plist */ = {isa = PBXFileReference; lastKnownFileType = text.plist.xml; path = Info.plist; sourceTree = "<group>"; };
		FFA4B44D1A6103060096447A /* AddUserTests.m */ = {isa = PBXFileReference; lastKnownFileType = sourcecode.c.objc; path = AddUserTests.m; sourceTree = "<group>"; };
		FFA4B4571A6104760096447A /* UserCell.h */ = {isa = PBXFileReference; fileEncoding = 4; lastKnownFileType = sourcecode.c.h; path = UserCell.h; sourceTree = "<group>"; };
		FFA4B4581A6104760096447A /* UserCell.m */ = {isa = PBXFileReference; fileEncoding = 4; lastKnownFileType = sourcecode.c.objc; path = UserCell.m; sourceTree = "<group>"; };
		FFA4B45A1A6108D70096447A /* UIViewAdditions.h */ = {isa = PBXFileReference; fileEncoding = 4; lastKnownFileType = sourcecode.c.h; path = UIViewAdditions.h; sourceTree = "<group>"; };
		FFA4B45B1A6108D70096447A /* UIViewAdditions.m */ = {isa = PBXFileReference; fileEncoding = 4; lastKnownFileType = sourcecode.c.objc; path = UIViewAdditions.m; sourceTree = "<group>"; };
		FFA4B45D1A612A290096447A /* select.png */ = {isa = PBXFileReference; lastKnownFileType = image.png; path = select.png; sourceTree = "<group>"; };
		FFA4B45E1A612A290096447A /* select@2x.png */ = {isa = PBXFileReference; lastKnownFileType = image.png; path = "select@2x.png"; sourceTree = "<group>"; };
		FFA4B45F1A612A290096447A /* unselect.png */ = {isa = PBXFileReference; lastKnownFileType = image.png; path = unselect.png; sourceTree = "<group>"; };
		FFA4B4601A612A290096447A /* unselect@2x.png */ = {isa = PBXFileReference; lastKnownFileType = image.png; path = "unselect@2x.png"; sourceTree = "<group>"; };
/* End PBXFileReference section */

/* Begin PBXFrameworksBuildPhase section */
		FFA4B4281A6103060096447A /* Frameworks */ = {
			isa = PBXFrameworksBuildPhase;
			buildActionMask = 2147483647;
			files = (
			);
			runOnlyForDeploymentPostprocessing = 0;
		};
		FFA4B4441A6103060096447A /* Frameworks */ = {
			isa = PBXFrameworksBuildPhase;
			buildActionMask = 2147483647;
			files = (
			);
			runOnlyForDeploymentPostprocessing = 0;
		};
/* End PBXFrameworksBuildPhase section */

/* Begin PBXGroup section */
		FFA4B4221A6103060096447A = {
			isa = PBXGroup;
			children = (
				FFA4B42D1A6103060096447A /* AddUser */,
				FFA4B44A1A6103060096447A /* AddUserTests */,
				FFA4B42C1A6103060096447A /* Products */,
			);
			sourceTree = "<group>";
		};
		FFA4B42C1A6103060096447A /* Products */ = {
			isa = PBXGroup;
			children = (
				FFA4B42B1A6103060096447A /* AddUser.app */,
				FFA4B4471A6103060096447A /* AddUserTests.xctest */,
			);
			name = Products;
			sourceTree = "<group>";
		};
		FFA4B42D1A6103060096447A /* AddUser */ = {
			isa = PBXGroup;
			children = (
				FFA4B45D1A612A290096447A /* select.png */,
				FFA4B45E1A612A290096447A /* select@2x.png */,
				FFA4B45F1A612A290096447A /* unselect.png */,
				FFA4B4601A612A290096447A /* unselect@2x.png */,
				FFA4B4321A6103060096447A /* AppDelegate.h */,
				FFA4B4331A6103060096447A /* AppDelegate.m */,
				FFA4B4381A6103060096447A /* ViewController.h */,
				FFA4B4391A6103060096447A /* ViewController.m */,
				FFA4B45A1A6108D70096447A /* UIViewAdditions.h */,
				FFA4B45B1A6108D70096447A /* UIViewAdditions.m */,
				FFA4B4571A6104760096447A /* UserCell.h */,
				FFA4B4581A6104760096447A /* UserCell.m */,
				FFA4B43B1A6103060096447A /* Main.storyboard */,
				FFA4B43E1A6103060096447A /* Images.xcassets */,
				FFA4B4401A6103060096447A /* LaunchScreen.xib */,
				FFA4B4351A6103060096447A /* AddUser.xcdatamodeld */,
				FFA4B42E1A6103060096447A /* Supporting Files */,
			);
			path = AddUser;
			sourceTree = "<group>";
		};
		FFA4B42E1A6103060096447A /* Supporting Files */ = {
			isa = PBXGroup;
			children = (
				FFA4B42F1A6103060096447A /* Info.plist */,
				FFA4B4301A6103060096447A /* main.m */,
			);
			name = "Supporting Files";
			sourceTree = "<group>";
		};
		FFA4B44A1A6103060096447A /* AddUserTests */ = {
			isa = PBXGroup;
			children = (
				FFA4B44D1A6103060096447A /* AddUserTests.m */,
				FFA4B44B1A6103060096447A /* Supporting Files */,
			);
			path = AddUserTests;
			sourceTree = "<group>";
		};
		FFA4B44B1A6103060096447A /* Supporting Files */ = {
			isa = PBXGroup;
			children = (
				FFA4B44C1A6103060096447A /* Info.plist */,
			);
			name = "Supporting Files";
			sourceTree = "<group>";
		};
/* End PBXGroup section */

/* Begin PBXNativeTarget section */
		FFA4B42A1A6103060096447A /* AddUser */ = {
			isa = PBXNativeTarget;
			buildConfigurationList = FFA4B4511A6103060096447A /* Build configuration list for PBXNativeTarget "AddUser" */;
			buildPhases = (
				FFA4B4271A6103060096447A /* Sources */,
				FFA4B4281A6103060096447A /* Frameworks */,
				FFA4B4291A6103060096447A /* Resources */,
			);
			buildRules = (
			);
			dependencies = (
			);
			name = AddUser;
			productName = AddUser;
			productReference = FFA4B42B1A6103060096447A /* AddUser.app */;
			productType = "com.apple.product-type.application";
		};
		FFA4B4461A6103060096447A /* AddUserTests */ = {
			isa = PBXNativeTarget;
			buildConfigurationList = FFA4B4541A6103060096447A /* Build configuration list for PBXNativeTarget "AddUserTests" */;
			buildPhases = (
				FFA4B4431A6103060096447A /* Sources */,
				FFA4B4441A6103060096447A /* Frameworks */,
				FFA4B4451A6103060096447A /* Resources */,
			);
			buildRules = (
			);
			dependencies = (
				FFA4B4491A6103060096447A /* PBXTargetDependency */,
			);
			name = AddUserTests;
			productName = AddUserTests;
			productReference = FFA4B4471A6103060096447A /* AddUserTests.xctest */;
			productType = "com.apple.product-type.bundle.unit-test";
		};
/* End PBXNativeTarget section */

/* Begin PBXProject section */
		FFA4B4231A6103060096447A /* Project object */ = {
			isa = PBXProject;
			attributes = {
				LastUpgradeCheck = 0610;
				ORGANIZATIONNAME = sbtd;
				TargetAttributes = {
					FFA4B42A1A6103060096447A = {
						CreatedOnToolsVersion = 6.1.1;
					};
					FFA4B4461A6103060096447A = {
						CreatedOnToolsVersion = 6.1.1;
						TestTargetID = FFA4B42A1A6103060096447A;
					};
				};
			};
			buildConfigurationList = FFA4B4261A6103060096447A /* Build configuration list for PBXProject "AddUser" */;
			compatibilityVersion = "Xcode 3.2";
			developmentRegion = English;
			hasScannedForEncodings = 0;
			knownRegions = (
				en,
				Base,
			);
			mainGroup = FFA4B4221A6103060096447A;
			productRefGroup = FFA4B42C1A6103060096447A /* Products */;
			projectDirPath = "";
			projectRoot = "";
			targets = (
				FFA4B42A1A6103060096447A /* AddUser */,
				FFA4B4461A6103060096447A /* AddUserTests */,
			);
		};
/* End PBXProject section */

/* Begin PBXResourcesBuildPhase section */
		FFA4B4291A6103060096447A /* Resources */ = {
			isa = PBXResourcesBuildPhase;
			buildActionMask = 2147483647;
			files = (
				FFA4B43D1A6103060096447A /* Main.storyboard in Resources */,
				FFA4B4611A612A290096447A /* select.png in Resources */,
				FFA4B4641A612A290096447A /* unselect@2x.png in Resources */,
				FFA4B4631A612A290096447A /* unselect.png in Resources */,
				FFA4B4421A6103060096447A /* LaunchScreen.xib in Resources */,
				FFA4B4621A612A290096447A /* select@2x.png in Resources */,
				FFA4B43F1A6103060096447A /* Images.xcassets in Resources */,
			);
			runOnlyForDeploymentPostprocessing = 0;
		};
		FFA4B4451A6103060096447A /* Resources */ = {
			isa = PBXResourcesBuildPhase;
			buildActionMask = 2147483647;
			files = (
			);
			runOnlyForDeploymentPostprocessing = 0;
		};
/* End PBXResourcesBuildPhase section */

/* Begin PBXSourcesBuildPhase section */
		FFA4B4271A6103060096447A /* Sources */ = {
			isa = PBXSourcesBuildPhase;
			buildActionMask = 2147483647;
			files = (
				FFA4B4341A6103060096447A /* AppDelegate.m in Sources */,
				FFA4B4311A6103060096447A /* main.m in Sources */,
				FFA4B45C1A6108D70096447A /* UIViewAdditions.m in Sources */,
				FFA4B43A1A6103060096447A /* ViewController.m in Sources */,
				FFA4B4591A6104760096447A /* UserCell.m in Sources */,
				FFA4B4371A6103060096447A /* AddUser.xcdatamodeld in Sources */,
			);
			runOnlyForDeploymentPostprocessing = 0;
		};
		FFA4B4431A6103060096447A /* Sources */ = {
			isa = PBXSourcesBuildPhase;
			buildActionMask = 2147483647;
			files = (
				FFA4B44E1A6103060096447A /* AddUserTests.m in Sources */,
			);
			runOnlyForDeploymentPostprocessing = 0;
		};
/* End PBXSourcesBuildPhase section */

/* Begin PBXTargetDependency section */
		FFA4B4491A6103060096447A /* PBXTargetDependency */ = {
			isa = PBXTargetDependency;
			target = FFA4B42A1A6103060096447A /* AddUser */;
			targetProxy = FFA4B4481A6103060096447A /* PBXContainerItemProxy */;
		};
/* End PBXTargetDependency section */

/* Begin PBXVariantGroup section */
		FFA4B43B1A6103060096447A /* Main.storyboard */ = {
			isa = PBXVariantGroup;
			children = (
				FFA4B43C1A6103060096447A /* Base */,
			);
			name = Main.storyboard;
			sourceTree = "<group>";
		};
		FFA4B4401A6103060096447A /* LaunchScreen.xib */ = {
			isa = PBXVariantGroup;
			children = (
				FFA4B4411A6103060096447A /* Base */,
			);
			name = LaunchScreen.xib;
			sourceTree = "<group>";
		};
/* End PBXVariantGroup section */

/* Begin XCBuildConfiguration section */
		FFA4B44F1A6103060096447A /* Debug */ = {
			isa = XCBuildConfiguration;
			buildSettings = {
				ALWAYS_SEARCH_USER_PATHS = NO;
				CLANG_CXX_LANGUAGE_STANDARD = "gnu++0x";
				CLANG_CXX_LIBRARY = "libc++";
				CLANG_ENABLE_MODULES = YES;
				CLANG_ENABLE_OBJC_ARC = YES;
				CLANG_WARN_BOOL_CONVERSION = YES;
				CLANG_WARN_CONSTANT_CONVERSION = YES;
				CLANG_WARN_DIRECT_OBJC_ISA_USAGE = YES_ERROR;
				CLANG_WARN_EMPTY_BODY = YES;
				CLANG_WARN_ENUM_CONVERSION = YES;
				CLANG_WARN_INT_CONVERSION = YES;
				CLANG_WARN_OBJC_ROOT_CLASS = YES_ERROR;
				CLANG_WARN_UNREACHABLE_CODE = YES;
				CLANG_WARN__DUPLICATE_METHOD_MATCH = YES;
				"CODE_SIGN_IDENTITY[sdk=iphoneos*]" = "iPhone Developer";
				COPY_PHASE_STRIP = NO;
				ENABLE_STRICT_OBJC_MSGSEND = YES;
				GCC_C_LANGUAGE_STANDARD = gnu99;
				GCC_DYNAMIC_NO_PIC = NO;
				GCC_OPTIMIZATION_LEVEL = 0;
				GCC_PREPROCESSOR_DEFINITIONS = (
					"DEBUG=1",
					"$(inherited)",
				);
				GCC_SYMBOLS_PRIVATE_EXTERN = NO;
				GCC_WARN_64_TO_32_BIT_CONVERSION = YES;
				GCC_WARN_ABOUT_RETURN_TYPE = YES_ERROR;
				GCC_WARN_UNDECLARED_SELECTOR = YES;
				GCC_WARN_UNINITIALIZED_AUTOS = YES_AGGRESSIVE;
				GCC_WARN_UNUSED_FUNCTION = YES;
				GCC_WARN_UNUSED_VARIABLE = YES;
				IPHONEOS_DEPLOYMENT_TARGET = 8.1;
				MTL_ENABLE_DEBUG_INFO = YES;
				ONLY_ACTIVE_ARCH = YES;
				SDKROOT = iphoneos;
			};
			name = Debug;
		};
		FFA4B4501A6103060096447A /* Release */ = {
			isa = XCBuildConfiguration;
			buildSettings = {
				ALWAYS_SEARCH_USER_PATHS = NO;
				CLANG_CXX_LANGUAGE_STANDARD = "gnu++0x";
				CLANG_CXX_LIBRARY = "libc++";
				CLANG_ENABLE_MODULES = YES;
				CLANG_ENABLE_OBJC_ARC = YES;
				CLANG_WARN_BOOL_CONVERSION = YES;
				CLANG_WARN_CONSTANT_CONVERSION = YES;
				CLANG_WARN_DIRECT_OBJC_ISA_USAGE = YES_ERROR;
				CLANG_WARN_EMPTY_BODY = YES;
				CLANG_WARN_ENUM_CONVERSION = YES;
				CLANG_WARN_INT_CONVERSION = YES;
				CLANG_WARN_OBJC_ROOT_CLASS = YES_ERROR;
				CLANG_WARN_UNREACHABLE_CODE = YES;
				CLANG_WARN__DUPLICATE_METHOD_MATCH = YES;
				"CODE_SIGN_IDENTITY[sdk=iphoneos*]" = "iPhone Developer";
				COPY_PHASE_STRIP = YES;
				ENABLE_NS_ASSERTIONS = NO;
				ENABLE_STRICT_OBJC_MSGSEND = YES;
				GCC_C_LANGUAGE_STANDARD = gnu99;
				GCC_WARN_64_TO_32_BIT_CONVERSION = YES;
				GCC_WARN_ABOUT_RETURN_TYPE = YES_ERROR;
				GCC_WARN_UNDECLARED_SELECTOR = YES;
				GCC_WARN_UNINITIALIZED_AUTOS = YES_AGGRESSIVE;
				GCC_WARN_UNUSED_FUNCTION = YES;
				GCC_WARN_UNUSED_VARIABLE = YES;
				IPHONEOS_DEPLOYMENT_TARGET = 8.1;
				MTL_ENABLE_DEBUG_INFO = NO;
				SDKROOT = iphoneos;
				VALIDATE_PRODUCT = YES;
			};
			name = Release;
		};
		FFA4B4521A6103060096447A /* Debug */ = {
			isa = XCBuildConfiguration;
			buildSettings = {
				ASSETCATALOG_COMPILER_APPICON_NAME = AppIcon;
				INFOPLIST_FILE = AddUser/Info.plist;
				LD_RUNPATH_SEARCH_PATHS = "$(inherited) @executable_path/Frameworks";
				PRODUCT_NAME = "$(TARGET_NAME)";
			};
			name = Debug;
		};
		FFA4B4531A6103060096447A /* Release */ = {
			isa = XCBuildConfiguration;
			buildSettings = {
				ASSETCATALOG_COMPILER_APPICON_NAME = AppIcon;
				INFOPLIST_FILE = AddUser/Info.plist;
				LD_RUNPATH_SEARCH_PATHS = "$(inherited) @executable_path/Frameworks";
				PRODUCT_NAME = "$(TARGET_NAME)";
			};
			name = Release;
		};
		FFA4B4551A6103060096447A /* Debug */ = {
			isa = XCBuildConfiguration;
			buildSettings = {
				BUNDLE_LOADER = "$(TEST_HOST)";
				FRAMEWORK_SEARCH_PATHS = (
					"$(SDKROOT)/Developer/Library/Frameworks",
					"$(inherited)",
				);
				GCC_PREPROCESSOR_DEFINITIONS = (
					"DEBUG=1",
					"$(inherited)",
				);
				INFOPLIST_FILE = AddUserTests/Info.plist;
				LD_RUNPATH_SEARCH_PATHS = "$(inherited) @executable_path/Frameworks @loader_path/Frameworks";
				PRODUCT_NAME = "$(TARGET_NAME)";
				TEST_HOST = "$(BUILT_PRODUCTS_DIR)/AddUser.app/AddUser";
			};
			name = Debug;
		};
		FFA4B4561A6103060096447A /* Release */ = {
			isa = XCBuildConfiguration;
			buildSettings = {
				BUNDLE_LOADER = "$(TEST_HOST)";
				FRAMEWORK_SEARCH_PATHS = (
					"$(SDKROOT)/Developer/Library/Frameworks",
					"$(inherited)",
				);
				INFOPLIST_FILE = AddUserTests/Info.plist;
				LD_RUNPATH_SEARCH_PATHS = "$(inherited) @executable_path/Frameworks @loader_path/Frameworks";
				PRODUCT_NAME = "$(TARGET_NAME)";
				TEST_HOST = "$(BUILT_PRODUCTS_DIR)/AddUser.app/AddUser";
			};
			name = Release;
		};
/* End XCBuildConfiguration section */

/* Begin XCConfigurationList section */
		FFA4B4261A6103060096447A /* Build configuration list for PBXProject "AddUser" */ = {
			isa = XCConfigurationList;
			buildConfigurations = (
				FFA4B44F1A6103060096447A /* Debug */,
				FFA4B4501A6103060096447A /* Release */,
			);
			defaultConfigurationIsVisible = 0;
			defaultConfigurationName = Release;
		};
		FFA4B4511A6103060096447A /* Build configuration list for PBXNativeTarget "AddUser" */ = {
			isa = XCConfigurationList;
			buildConfigurations = (
				FFA4B4521A6103060096447A /* Debug */,
				FFA4B4531A6103060096447A /* Release */,
			);
			defaultConfigurationIsVisible = 0;
		};
		FFA4B4541A6103060096447A /* Build configuration list for PBXNativeTarget "AddUserTests" */ = {
			isa = XCConfigurationList;
			buildConfigurations = (
				FFA4B4551A6103060096447A /* Debug */,
				FFA4B4561A6103060096447A /* Release */,
			);
			defaultConfigurationIsVisible = 0;
		};
/* End XCConfigurationList section */

/* Begin XCVersionGroup section */
		FFA4B4351A6103060096447A /* AddUser.xcdatamodeld */ = {
			isa = XCVersionGroup;
			children = (
				FFA4B4361A6103060096447A /* AddUser.xcdatamodel */,
			);
			currentVersion = FFA4B4361A6103060096447A /* AddUser.xcdatamodel */;
			path = AddUser.xcdatamodeld;
			sourceTree = "<group>";
			versionGroupType = wrapper.xcdatamodel;
		};
/* End XCVersionGroup section */
	};
	rootObject = FFA4B4231A6103060096447A /* Project object */;
}
